
Microsoft Visual Studio Solution File, Format Version 12.00
# Visual Studio Version 16
VisualStudioVersion = 16.0.29920.165
MinimumVisualStudioVersion = 10.0.40219.1
Project("{FAE04EC0-301F-11D3-BF4B-00C04F79EFBC}") = "Vetores", "Vetores\Vetores.csproj", "{71C4A35C-D29F-4845-B045-CF5A6ED70328}"
EndProject
Global
	GlobalSection(SolutionConfigurationPlatforms) = preSolution
		Debug|Any CPU = Debug|Any CPU
		Release|Any CPU = Release|Any CPU
	EndGlobalSection
	GlobalSection(ProjectConfigurationPlatforms) = postSolution
		{71C4A35C-D29F-4845-B045-CF5A6ED70328}.Debug|Any CPU.ActiveCfg = Debug|Any CPU
		{71C4A35C-D29F-4845-B045-CF5A6ED70328}.Debug|Any CPU.Build.0 = Debug|Any CPU
		{71C4A35C-D29F-4845-B045-CF5A6ED70328}.Release|Any CPU.ActiveCfg = Release|Any CPU
		{71C4A35C-D29F-4845-B045-CF5A6ED70328}.Release|Any CPU.Build.0 = Release|Any CPU
	EndGlobalSection
	GlobalSection(SolutionProperties) = preSolution
		HideSolutionNode = FALSE
	EndGlobalSection
	GlobalSection(ExtensibilityGlobals) = postSolution
		SolutionGuid = {EEF5B192-056E-4D94-8AE3-136FFA6CE80B}
	EndGlobalSection
EndGlobal
